
Microsoft Visual Studio Solution File, Format Version 12.00
# Visual Studio 15
VisualStudioVersion = 15.0.27703.2035
MinimumVisualStudioVersion = 10.0.40219.1
Project("{FAE04EC0-301F-11D3-BF4B-00C04F79EFBC}") = "App06_Cell.Android", "App06_Cell\App06_Cell.Android\App06_Cell.Android.csproj", "{004ECAB4-99A7-4154-A384-8FF4545E76B9}"
EndProject
Project("{FAE04EC0-301F-11D3-BF4B-00C04F79EFBC}") = "App06_Cell.iOS", "App06_Cell\App06_Cell.iOS\App06_Cell.iOS.csproj", "{DFD8B320-4F4D-4989-9B9B-07F37BDFCE2B}"
EndProject
Project("{FAE04EC0-301F-11D3-BF4B-00C04F79EFBC}") = "App06_Cell.UWP", "App06_Cell\App06_Cell.UWP\App06_Cell.UWP.csproj", "{EA055F66-C6D1-4E3C-9B42-D668A4E41539}"
EndProject
Project("{FAE04EC0-301F-11D3-BF4B-00C04F79EFBC}") = "App06_Cell", "App06_Cell\App06_Cell\App06_Cell.csproj", "{B3E3E3D4-C978-4B87-AD49-1ABC4B79330F}"
EndProject
Global
	GlobalSection(SolutionConfigurationPlatforms) = preSolution
		Ad-Hoc|Any CPU = Ad-Hoc|Any CPU
		Ad-Hoc|ARM = Ad-Hoc|ARM
		Ad-Hoc|iPhone = Ad-Hoc|iPhone
		Ad-Hoc|iPhoneSimulator = Ad-Hoc|iPhoneSimulator
		Ad-Hoc|x64 = Ad-Hoc|x64
		Ad-Hoc|x86 = Ad-Hoc|x86
		AppStore|Any CPU = AppStore|Any CPU
		AppStore|ARM = AppStore|ARM
		AppStore|iPhone = AppStore|iPhone
		AppStore|iPhoneSimulator = AppStore|iPhoneSimulator
		AppStore|x64 = AppStore|x64
		AppStore|x86 = AppStore|x86
		Debug|Any CPU = Debug|Any CPU
		Debug|ARM = Debug|ARM
		Debug|iPhone = Debug|iPhone
		Debug|iPhoneSimulator = Debug|iPhoneSimulator
		Debug|x64 = Debug|x64
		Debug|x86 = Debug|x86
		Release|Any CPU = Release|Any CPU
		Release|ARM = Release|ARM
		Release|iPhone = Release|iPhone
		Release|iPhoneSimulator = Release|iPhoneSimulator
		Release|x64 = Release|x64
		Release|x86 = Release|x86
	EndGlobalSection
	GlobalSection(ProjectConfigurationPlatforms) = postSolution
		{004ECAB4-99A7-4154-A384-8FF4545E76B9}.Ad-Hoc|Any CPU.ActiveCfg = Release|Any CPU
		{004ECAB4-99A7-4154-A384-8FF4545E76B9}.Ad-Hoc|Any CPU.Build.0 = Release|Any CPU
		{004ECAB4-99A7-4154-A384-8FF4545E76B9}.Ad-Hoc|Any CPU.Deploy.0 = Release|Any CPU
		{004ECAB4-99A7-4154-A384-8FF4545E76B9}.Ad-Hoc|ARM.ActiveCfg = Release|Any CPU
		{004ECAB4-99A7-4154-A384-8FF4545E76B9}.Ad-Hoc|ARM.Build.0 = Release|Any CPU
		{004ECAB4-99A7-4154-A384-8FF4545E76B9}.Ad-Hoc|ARM.Deploy.0 = Release|Any CPU
		{004ECAB4-99A7-4154-A384-8FF4545E76B9}.Ad-Hoc|iPhone.ActiveCfg = Release|Any CPU
		{004ECAB4-99A7-4154-A384-8FF4545E76B9}.Ad-Hoc|iPhone.Build.0 = Release|Any CPU
		{004ECAB4-99A7-4154-A384-8FF4545E76B9}.Ad-Hoc|iPhone.Deploy.0 = Release|Any CPU
		{004ECAB4-99A7-4154-A384-8FF4545E76B9}.Ad-Hoc|iPhoneSimulator.ActiveCfg = Release|Any CPU
		{004ECAB4-99A7-4154-A384-8FF4545E76B9}.Ad-Hoc|iPhoneSimulator.Build.0 = Release|Any CPU
		{004ECAB4-99A7-4154-A384-8FF4545E76B9}.Ad-Hoc|iPhoneSimulator.Deploy.0 = Release|Any CPU
		{004ECAB4-99A7-4154-A384-8FF4545E76B9}.Ad-Hoc|x64.ActiveCfg = Release|Any CPU
		{004ECAB4-99A7-4154-A384-8FF4545E76B9}.Ad-Hoc|x64.Build.0 = Release|Any CPU
		{004ECAB4-99A7-4154-A384-8FF4545E76B9}.Ad-Hoc|x64.Deploy.0 = Release|Any CPU
		{004ECAB4-99A7-4154-A384-8FF4545E76B9}.Ad-Hoc|x86.ActiveCfg = Release|Any CPU
		{004ECAB4-99A7-4154-A384-8FF4545E76B9}.Ad-Hoc|x86.Build.0 = Release|Any CPU
		{004ECAB4-99A7-4154-A384-8FF4545E76B9}.Ad-Hoc|x86.Deploy.0 = Release|Any CPU
		{004ECAB4-99A7-4154-A384-8FF4545E76B9}.AppStore|Any CPU.ActiveCfg = Release|Any CPU
		{004ECAB4-99A7-4154-A384-8FF4545E76B9}.AppStore|Any CPU.Build.0 = Release|Any CPU
		{004ECAB4-99A7-4154-A384-8FF4545E76B9}.AppStore|Any CPU.Deploy.0 = Release|Any CPU
		{004ECAB4-99A7-4154-A384-8FF4545E76B9}.AppStore|ARM.ActiveCfg = Release|Any CPU
		{004ECAB4-99A7-4154-A384-8FF4545E76B9}.AppStore|ARM.Build.0 = Release|Any CPU
		{004ECAB4-99A7-4154-A384-8FF4545E76B9}.AppStore|ARM.Deploy.0 = Release|Any CPU
		{004ECAB4-99A7-4154-A384-8FF4545E76B9}.AppStore|iPhone.ActiveCfg = Release|Any CPU
		{004ECAB4-99A7-4154-A384-8FF4545E76B9}.AppStore|iPhone.Build.0 = Release|Any CPU
		{004ECAB4-99A7-4154-A384-8FF4545E76B9}.AppStore|iPhone.Deploy.0 = Release|Any CPU
		{004ECAB4-99A7-4154-A384-8FF4545E76B9}.AppStore|iPhoneSimulator.ActiveCfg = Release|Any CPU
		{004ECAB4-99A7-4154-A384-8FF4545E76B9}.AppStore|iPhoneSimulator.Build.0 = Release|Any CPU
		{004ECAB4-99A7-4154-A384-8FF4545E76B9}.AppStore|iPhoneSimulator.Deploy.0 = Release|Any CPU
		{004ECAB4-99A7-4154-A384-8FF4545E76B9}.AppStore|x64.ActiveCfg = Release|Any CPU
		{004ECAB4-99A7-4154-A384-8FF4545E76B9}.AppStore|x64.Build.0 = Release|Any CPU
		{004ECAB4-99A7-4154-A384-8FF4545E76B9}.AppStore|x64.Deploy.0 = Release|Any CPU
		{004ECAB4-99A7-4154-A384-8FF4545E76B9}.AppStore|x86.ActiveCfg = Release|Any CPU
		{004ECAB4-99A7-4154-A384-8FF4545E76B9}.AppStore|x86.Build.0 = Release|Any CPU
		{004ECAB4-99A7-4154-A384-8FF4545E76B9}.AppStore|x86.Deploy.0 = Release|Any CPU
		{004ECAB4-99A7-4154-A384-8FF4545E76B9}.Debug|Any CPU.ActiveCfg = Debug|Any CPU
		{004ECAB4-99A7-4154-A384-8FF4545E76B9}.Debug|Any CPU.Build.0 = Debug|Any CPU
		{004ECAB4-99A7-4154-A384-8FF4545E76B9}.Debug|Any CPU.Deploy.0 = Debug|Any CPU
		{004ECAB4-99A7-4154-A384-8FF4545E76B9}.Debug|ARM.ActiveCfg = Debug|Any CPU
		{004ECAB4-99A7-4154-A384-8FF4545E76B9}.Debug|ARM.Build.0 = Debug|Any CPU
		{004ECAB4-99A7-4154-A384-8FF4545E76B9}.Debug|ARM.Deploy.0 = Debug|Any CPU
		{004ECAB4-99A7-4154-A384-8FF4545E76B9}.Debug|iPhone.ActiveCfg = Debug|Any CPU
		{004ECAB4-99A7-4154-A384-8FF4545E76B9}.Debug|iPhone.Build.0 = Debug|Any CPU
		{004ECAB4-99A7-4154-A384-8FF4545E76B9}.Debug|iPhone.Deploy.0 = Debug|Any CPU
		{004ECAB4-99A7-4154-A384-8FF4545E76B9}.Debug|iPhoneSimulator.ActiveCfg = Debug|Any CPU
		{004ECAB4-99A7-4154-A384-8FF4545E76B9}.Debug|iPhoneSimulator.Build.0 = Debug|Any CPU
		{004ECAB4-99A7-4154-A384-8FF4545E76B9}.Debug|iPhoneSimulator.Deploy.0 = Debug|Any CPU
		{004ECAB4-99A7-4154-A384-8FF4545E76B9}.Debug|x64.ActiveCfg = Debug|Any CPU
		{004ECAB4-99A7-4154-A384-8FF4545E76B9}.Debug|x64.Build.0 = Debug|Any CPU
		{004ECAB4-99A7-4154-A384-8FF4545E76B9}.Debug|x64.Deploy.0 = Debug|Any CPU
		{004ECAB4-99A7-4154-A384-8FF4545E76B9}.Debug|x86.ActiveCfg = Debug|Any CPU
		{004ECAB4-99A7-4154-A384-8FF4545E76B9}.Debug|x86.Build.0 = Debug|Any CPU
		{004ECAB4-99A7-4154-A384-8FF4545E76B9}.Debug|x86.Deploy.0 = Debug|Any CPU
		{004ECAB4-99A7-4154-A384-8FF4545E76B9}.Release|Any CPU.ActiveCfg = Release|Any CPU
		{004ECAB4-99A7-4154-A384-8FF4545E76B9}.Release|Any CPU.Build.0 = Release|Any CPU
		{004ECAB4-99A7-4154-A384-8FF4545E76B9}.Release|Any CPU.Deploy.0 = Release|Any CPU
		{004ECAB4-99A7-4154-A384-8FF4545E76B9}.Release|ARM.ActiveCfg = Release|Any CPU
		{004ECAB4-99A7-4154-A384-8FF4545E76B9}.Release|ARM.Build.0 = Release|Any CPU
		{004ECAB4-99A7-4154-A384-8FF4545E76B9}.Release|ARM.Deploy.0 = Release|Any CPU
		{004ECAB4-99A7-4154-A384-8FF4545E76B9}.Release|iPhone.ActiveCfg = Release|Any CPU
		{004ECAB4-99A7-4154-A384-8FF4545E76B9}.Release|iPhone.Build.0 = Release|Any CPU
		{004ECAB4-99A7-4154-A384-8FF4545E76B9}.Release|iPhone.Deploy.0 = Release|Any CPU
		{004ECAB4-99A7-4154-A384-8FF4545E76B9}.Release|iPhoneSimulator.ActiveCfg = Release|Any CPU
		{004ECAB4-99A7-4154-A384-8FF4545E76B9}.Release|iPhoneSimulator.Build.0 = Release|Any CPU
		{004ECAB4-99A7-4154-A384-8FF4545E76B9}.Release|iPhoneSimulator.Deploy.0 = Release|Any CPU
		{004ECAB4-99A7-4154-A384-8FF4545E76B9}.Release|x64.ActiveCfg = Release|Any CPU
		{004ECAB4-99A7-4154-A384-8FF4545E76B9}.Release|x64.Build.0 = Release|Any CPU
		{004ECAB4-99A7-4154-A384-8FF4545E76B9}.Release|x64.Deploy.0 = Release|Any CPU
		{004ECAB4-99A7-4154-A384-8FF4545E76B9}.Release|x86.ActiveCfg = Release|Any CPU
		{004ECAB4-99A7-4154-A384-8FF4545E76B9}.Release|x86.Build.0 = Release|Any CPU
		{004ECAB4-99A7-4154-A384-8FF4545E76B9}.Release|x86.Deploy.0 = Release|Any CPU
		{DFD8B320-4F4D-4989-9B9B-07F37BDFCE2B}.Ad-Hoc|Any CPU.ActiveCfg = Ad-Hoc|iPhone
		{DFD8B320-4F4D-4989-9B9B-07F37BDFCE2B}.Ad-Hoc|Any CPU.Build.0 = Ad-Hoc|iPhone
		{DFD8B320-4F4D-4989-9B9B-07F37BDFCE2B}.Ad-Hoc|Any CPU.Deploy.0 = Ad-Hoc|iPhone
		{DFD8B320-4F4D-4989-9B9B-07F37BDFCE2B}.Ad-Hoc|ARM.ActiveCfg = Ad-Hoc|iPhone
		{DFD8B320-4F4D-4989-9B9B-07F37BDFCE2B}.Ad-Hoc|ARM.Build.0 = Ad-Hoc|iPhone
		{DFD8B320-4F4D-4989-9B9B-07F37BDFCE2B}.Ad-Hoc|ARM.Deploy.0 = Ad-Hoc|iPhone
		{DFD8B320-4F4D-4989-9B9B-07F37BDFCE2B}.Ad-Hoc|iPhone.ActiveCfg = Ad-Hoc|iPhone
		{DFD8B320-4F4D-4989-9B9B-07F37BDFCE2B}.Ad-Hoc|iPhone.Build.0 = Ad-Hoc|iPhone
		{DFD8B320-4F4D-4989-9B9B-07F37BDFCE2B}.Ad-Hoc|iPhone.Deploy.0 = Ad-Hoc|iPhone
		{DFD8B320-4F4D-4989-9B9B-07F37BDFCE2B}.Ad-Hoc|iPhoneSimulator.ActiveCfg = Ad-Hoc|iPhoneSimulator
		{DFD8B320-4F4D-4989-9B9B-07F37BDFCE2B}.Ad-Hoc|iPhoneSimulator.Build.0 = Ad-Hoc|iPhoneSimulator
		{DFD8B320-4F4D-4989-9B9B-07F37BDFCE2B}.Ad-Hoc|iPhoneSimulator.Deploy.0 = Ad-Hoc|iPhoneSimulator
		{DFD8B320-4F4D-4989-9B9B-07F37BDFCE2B}.Ad-Hoc|x64.ActiveCfg = Ad-Hoc|iPhone
		{DFD8B320-4F4D-4989-9B9B-07F37BDFCE2B}.Ad-Hoc|x64.Build.0 = Ad-Hoc|iPhone
		{DFD8B320-4F4D-4989-9B9B-07F37BDFCE2B}.Ad-Hoc|x64.Deploy.0 = Ad-Hoc|iPhone
		{DFD8B320-4F4D-4989-9B9B-07F37BDFCE2B}.Ad-Hoc|x86.ActiveCfg = Ad-Hoc|iPhone
		{DFD8B320-4F4D-4989-9B9B-07F37BDFCE2B}.Ad-Hoc|x86.Build.0 = Ad-Hoc|iPhone
		{DFD8B320-4F4D-4989-9B9B-07F37BDFCE2B}.Ad-Hoc|x86.Deploy.0 = Ad-Hoc|iPhone
		{DFD8B320-4F4D-4989-9B9B-07F37BDFCE2B}.AppStore|Any CPU.ActiveCfg = AppStore|iPhone
		{DFD8B320-4F4D-4989-9B9B-07F37BDFCE2B}.AppStore|Any CPU.Build.0 = AppStore|iPhone
		{DFD8B320-4F4D-4989-9B9B-07F37BDFCE2B}.AppStore|Any CPU.Deploy.0 = AppStore|iPhone
		{DFD8B320-4F4D-4989-9B9B-07F37BDFCE2B}.AppStore|ARM.ActiveCfg = AppStore|iPhone
		{DFD8B320-4F4D-4989-9B9B-07F37BDFCE2B}.AppStore|ARM.Build.0 = AppStore|iPhone
		{DFD8B320-4F4D-4989-9B9B-07F37BDFCE2B}.AppStore|ARM.Deploy.0 = AppStore|iPhone
		{DFD8B320-4F4D-4989-9B9B-07F37BDFCE2B}.AppStore|iPhone.ActiveCfg = AppStore|iPhone
		{DFD8B320-4F4D-4989-9B9B-07F37BDFCE2B}.AppStore|iPhone.Build.0 = AppStore|iPhone
		{DFD8B320-4F4D-4989-9B9B-07F37BDFCE2B}.AppStore|iPhone.Deploy.0 = AppStore|iPhone
		{DFD8B320-4F4D-4989-9B9B-07F37BDFCE2B}.AppStore|iPhoneSimulator.ActiveCfg = AppStore|iPhoneSimulator
		{DFD8B320-4F4D-4989-9B9B-07F37BDFCE2B}.AppStore|iPhoneSimulator.Build.0 = AppStore|iPhoneSimulator
		{DFD8B320-4F4D-4989-9B9B-07F37BDFCE2B}.AppStore|iPhoneSimulator.Deploy.0 = AppStore|iPhoneSimulator
		{DFD8B320-4F4D-4989-9B9B-07F37BDFCE2B}.AppStore|x64.ActiveCfg = AppStore|iPhone
		{DFD8B320-4F4D-4989-9B9B-07F37BDFCE2B}.AppStore|x64.Build.0 = AppStore|iPhone
		{DFD8B320-4F4D-4989-9B9B-07F37BDFCE2B}.AppStore|x64.Deploy.0 = AppStore|iPhone
		{DFD8B320-4F4D-4989-9B9B-07F37BDFCE2B}.AppStore|x86.ActiveCfg = AppStore|iPhone
		{DFD8B320-4F4D-4989-9B9B-07F37BDFCE2B}.AppStore|x86.Build.0 = AppStore|iPhone
		{DFD8B320-4F4D-4989-9B9B-07F37BDFCE2B}.AppStore|x86.Deploy.0 = AppStore|iPhone
		{DFD8B320-4F4D-4989-9B9B-07F37BDFCE2B}.Debug|Any CPU.ActiveCfg = Debug|iPhoneSimulator
		{DFD8B320-4F4D-4989-9B9B-07F37BDFCE2B}.Debug|Any CPU.Build.0 = Debug|iPhoneSimulator
		{DFD8B320-4F4D-4989-9B9B-07F37BDFCE2B}.Debug|Any CPU.Deploy.0 = Debug|iPhoneSimulator
		{DFD8B320-4F4D-4989-9B9B-07F37BDFCE2B}.Debug|ARM.ActiveCfg = Debug|iPhone
		{DFD8B320-4F4D-4989-9B9B-07F37BDFCE2B}.Debug|ARM.Build.0 = Debug|iPhone
		{DFD8B320-4F4D-4989-9B9B-07F37BDFCE2B}.Debug|ARM.Deploy.0 = Debug|iPhone
		{DFD8B320-4F4D-4989-9B9B-07F37BDFCE2B}.Debug|iPhone.ActiveCfg = Debug|iPhone
		{DFD8B320-4F4D-4989-9B9B-07F37BDFCE2B}.Debug|iPhone.Build.0 = Debug|iPhone
		{DFD8B320-4F4D-4989-9B9B-07F37BDFCE2B}.Debug|iPhone.Deploy.0 = Debug|iPhone
		{DFD8B320-4F4D-4989-9B9B-07F37BDFCE2B}.Debug|iPhoneSimulator.ActiveCfg = Debug|iPhoneSimulator
		{DFD8B320-4F4D-4989-9B9B-07F37BDFCE2B}.Debug|iPhoneSimulator.Build.0 = Debug|iPhoneSimulator
		{DFD8B320-4F4D-4989-9B9B-07F37BDFCE2B}.Debug|iPhoneSimulator.Deploy.0 = Debug|iPhoneSimulator
		{DFD8B320-4F4D-4989-9B9B-07F37BDFCE2B}.Debug|x64.ActiveCfg = Debug|iPhone
		{DFD8B320-4F4D-4989-9B9B-07F37BDFCE2B}.Debug|x64.Build.0 = Debug|iPhone
		{DFD8B320-4F4D-4989-9B9B-07F37BDFCE2B}.Debug|x64.Deploy.0 = Debug|iPhone
		{DFD8B320-4F4D-4989-9B9B-07F37BDFCE2B}.Debug|x86.ActiveCfg = Debug|iPhone
		{DFD8B320-4F4D-4989-9B9B-07F37BDFCE2B}.Debug|x86.Build.0 = Debug|iPhone
		{DFD8B320-4F4D-4989-9B9B-07F37BDFCE2B}.Debug|x86.Deploy.0 = Debug|iPhone
		{DFD8B320-4F4D-4989-9B9B-07F37BDFCE2B}.Release|Any CPU.ActiveCfg = Release|iPhone
		{DFD8B320-4F4D-4989-9B9B-07F37BDFCE2B}.Release|Any CPU.Build.0 = Release|iPhone
		{DFD8B320-4F4D-4989-9B9B-07F37BDFCE2B}.Release|Any CPU.Deploy.0 = Release|iPhone
		{DFD8B320-4F4D-4989-9B9B-07F37BDFCE2B}.Release|ARM.ActiveCfg = Release|iPhone
		{DFD8B320-4F4D-4989-9B9B-07F37BDFCE2B}.Release|ARM.Build.0 = Release|iPhone
		{DFD8B320-4F4D-4989-9B9B-07F37BDFCE2B}.Release|ARM.Deploy.0 = Release|iPhone
		{DFD8B320-4F4D-4989-9B9B-07F37BDFCE2B}.Release|iPhone.ActiveCfg = Release|iPhone
		{DFD8B320-4F4D-4989-9B9B-07F37BDFCE2B}.Release|iPhone.Build.0 = Release|iPhone
		{DFD8B320-4F4D-4989-9B9B-07F37BDFCE2B}.Release|iPhone.Deploy.0 = Release|iPhone
		{DFD8B320-4F4D-4989-9B9B-07F37BDFCE2B}.Release|iPhoneSimulator.ActiveCfg = Release|iPhoneSimulator
		{DFD8B320-4F4D-4989-9B9B-07F37BDFCE2B}.Release|iPhoneSimulator.Build.0 = Release|iPhoneSimulator
		{DFD8B320-4F4D-4989-9B9B-07F37BDFCE2B}.Release|iPhoneSimulator.Deploy.0 = Release|iPhoneSimulator
		{DFD8B320-4F4D-4989-9B9B-07F37BDFCE2B}.Release|x64.ActiveCfg = Release|iPhone
		{DFD8B320-4F4D-4989-9B9B-07F37BDFCE2B}.Release|x64.Build.0 = Release|iPhone
		{DFD8B320-4F4D-4989-9B9B-07F37BDFCE2B}.Release|x64.Deploy.0 = Release|iPhone
		{DFD8B320-4F4D-4989-9B9B-07F37BDFCE2B}.Release|x86.ActiveCfg = Release|iPhone
		{DFD8B320-4F4D-4989-9B9B-07F37BDFCE2B}.Release|x86.Build.0 = Release|iPhone
		{DFD8B320-4F4D-4989-9B9B-07F37BDFCE2B}.Release|x86.Deploy.0 = Release|iPhone
		{EA055F66-C6D1-4E3C-9B42-D668A4E41539}.Ad-Hoc|Any CPU.ActiveCfg = Release|x86
		{EA055F66-C6D1-4E3C-9B42-D668A4E41539}.Ad-Hoc|Any CPU.Build.0 = Release|x86
		{EA055F66-C6D1-4E3C-9B42-D668A4E41539}.Ad-Hoc|Any CPU.Deploy.0 = Release|x86
		{EA055F66-C6D1-4E3C-9B42-D668A4E41539}.Ad-Hoc|ARM.ActiveCfg = Release|ARM
		{EA055F66-C6D1-4E3C-9B42-D668A4E41539}.Ad-Hoc|ARM.Build.0 = Release|ARM
		{EA055F66-C6D1-4E3C-9B42-D668A4E41539}.Ad-Hoc|ARM.Deploy.0 = Release|ARM
		{EA055F66-C6D1-4E3C-9B42-D668A4E41539}.Ad-Hoc|iPhone.ActiveCfg = Release|x86
		{EA055F66-C6D1-4E3C-9B42-D668A4E41539}.Ad-Hoc|iPhone.Build.0 = Release|x86
		{EA055F66-C6D1-4E3C-9B42-D668A4E41539}.Ad-Hoc|iPhone.Deploy.0 = Release|x86
		{EA055F66-C6D1-4E3C-9B42-D668A4E41539}.Ad-Hoc|iPhoneSimulator.ActiveCfg = Release|x86
		{EA055F66-C6D1-4E3C-9B42-D668A4E41539}.Ad-Hoc|iPhoneSimulator.Build.0 = Release|x86
		{EA055F66-C6D1-4E3C-9B42-D668A4E41539}.Ad-Hoc|iPhoneSimulator.Deploy.0 = Release|x86
		{EA055F66-C6D1-4E3C-9B42-D668A4E41539}.Ad-Hoc|x64.ActiveCfg = Release|x64
		{EA055F66-C6D1-4E3C-9B42-D668A4E41539}.Ad-Hoc|x64.Build.0 = Release|x64
		{EA055F66-C6D1-4E3C-9B42-D668A4E41539}.Ad-Hoc|x64.Deploy.0 = Release|x64
		{EA055F66-C6D1-4E3C-9B42-D668A4E41539}.Ad-Hoc|x86.ActiveCfg = Release|x86
		{EA055F66-C6D1-4E3C-9B42-D668A4E41539}.Ad-Hoc|x86.Build.0 = Release|x86
		{EA055F66-C6D1-4E3C-9B42-D668A4E41539}.Ad-Hoc|x86.Deploy.0 = Release|x86
		{EA055F66-C6D1-4E3C-9B42-D668A4E41539}.AppStore|Any CPU.ActiveCfg = Release|x86
		{EA055F66-C6D1-4E3C-9B42-D668A4E41539}.AppStore|Any CPU.Build.0 = Release|x86
		{EA055F66-C6D1-4E3C-9B42-D668A4E41539}.AppStore|Any CPU.Deploy.0 = Release|x86
		{EA055F66-C6D1-4E3C-9B42-D668A4E41539}.AppStore|ARM.ActiveCfg = Release|ARM
		{EA055F66-C6D1-4E3C-9B42-D668A4E41539}.AppStore|ARM.Build.0 = Release|ARM
		{EA055F66-C6D1-4E3C-9B42-D668A4E41539}.AppStore|ARM.Deploy.0 = Release|ARM
		{EA055F66-C6D1-4E3C-9B42-D668A4E41539}.AppStore|iPhone.ActiveCfg = Release|x86
		{EA055F66-C6D1-4E3C-9B42-D668A4E41539}.AppStore|iPhone.Build.0 = Release|x86
		{EA055F66-C6D1-4E3C-9B42-D668A4E41539}.AppStore|iPhone.Deploy.0 = Release|x86
		{EA055F66-C6D1-4E3C-9B42-D668A4E41539}.AppStore|iPhoneSimulator.ActiveCfg = Release|x86
		{EA055F66-C6D1-4E3C-9B42-D668A4E41539}.AppStore|iPhoneSimulator.Build.0 = Release|x86
		{EA055F66-C6D1-4E3C-9B42-D668A4E41539}.AppStore|iPhoneSimulator.Deploy.0 = Release|x86
		{EA055F66-C6D1-4E3C-9B42-D668A4E41539}.AppStore|x64.ActiveCfg = Release|x64
		{EA055F66-C6D1-4E3C-9B42-D668A4E41539}.AppStore|x64.Build.0 = Release|x64
		{EA055F66-C6D1-4E3C-9B42-D668A4E41539}.AppStore|x64.Deploy.0 = Release|x64
		{EA055F66-C6D1-4E3C-9B42-D668A4E41539}.AppStore|x86.ActiveCfg = Release|x86
		{EA055F66-C6D1-4E3C-9B42-D668A4E41539}.AppStore|x86.Build.0 = Release|x86
		{EA055F66-C6D1-4E3C-9B42-D668A4E41539}.AppStore|x86.Deploy.0 = Release|x86
		{EA055F66-C6D1-4E3C-9B42-D668A4E41539}.Debug|Any CPU.ActiveCfg = Debug|x86
		{EA055F66-C6D1-4E3C-9B42-D668A4E41539}.Debug|Any CPU.Build.0 = Debug|x86
		{EA055F66-C6D1-4E3C-9B42-D668A4E41539}.Debug|Any CPU.Deploy.0 = Debug|x86
		{EA055F66-C6D1-4E3C-9B42-D668A4E41539}.Debug|ARM.ActiveCfg = Debug|ARM
		{EA055F66-C6D1-4E3C-9B42-D668A4E41539}.Debug|ARM.Build.0 = Debug|ARM
		{EA055F66-C6D1-4E3C-9B42-D668A4E41539}.Debug|ARM.Deploy.0 = Debug|ARM
		{EA055F66-C6D1-4E3C-9B42-D668A4E41539}.Debug|iPhone.ActiveCfg = Debug|x86
		{EA055F66-C6D1-4E3C-9B42-D668A4E41539}.Debug|iPhone.Build.0 = Debug|x86
		{EA055F66-C6D1-4E3C-9B42-D668A4E41539}.Debug|iPhone.Deploy.0 = Debug|x86
		{EA055F66-C6D1-4E3C-9B42-D668A4E41539}.Debug|iPhoneSimulator.ActiveCfg = Debug|x86
		{EA055F66-C6D1-4E3C-9B42-D668A4E41539}.Debug|iPhoneSimulator.Build.0 = Debug|x86
		{EA055F66-C6D1-4E3C-9B42-D668A4E41539}.Debug|iPhoneSimulator.Deploy.0 = Debug|x86
		{EA055F66-C6D1-4E3C-9B42-D668A4E41539}.Debug|x64.ActiveCfg = Debug|x64
		{EA055F66-C6D1-4E3C-9B42-D668A4E41539}.Debug|x64.Build.0 = Debug|x64
		{EA055F66-C6D1-4E3C-9B42-D668A4E41539}.Debug|x64.Deploy.0 = Debug|x64
		{EA055F66-C6D1-4E3C-9B42-D668A4E41539}.Debug|x86.ActiveCfg = Debug|x86
		{EA055F66-C6D1-4E3C-9B42-D668A4E41539}.Debug|x86.Build.0 = Debug|x86
		{EA055F66-C6D1-4E3C-9B42-D668A4E41539}.Debug|x86.Deploy.0 = Debug|x86
		{EA055F66-C6D1-4E3C-9B42-D668A4E41539}.Release|Any CPU.ActiveCfg = Release|x86
		{EA055F66-C6D1-4E3C-9B42-D668A4E41539}.Release|Any CPU.Build.0 = Release|x86
		{EA055F66-C6D1-4E3C-9B42-D668A4E41539}.Release|Any CPU.Deploy.0 = Release|x86
		{EA055F66-C6D1-4E3C-9B42-D668A4E41539}.Release|ARM.ActiveCfg = Release|ARM
		{EA055F66-C6D1-4E3C-9B42-D668A4E41539}.Release|ARM.Build.0 = Release|ARM
		{EA055F66-C6D1-4E3C-9B42-D668A4E41539}.Release|ARM.Deploy.0 = Release|ARM
		{EA055F66-C6D1-4E3C-9B42-D668A4E41539}.Release|iPhone.ActiveCfg = Release|x86
		{EA055F66-C6D1-4E3C-9B42-D668A4E41539}.Release|iPhone.Build.0 = Release|x86
		{EA055F66-C6D1-4E3C-9B42-D668A4E41539}.Release|iPhone.Deploy.0 = Release|x86
		{EA055F66-C6D1-4E3C-9B42-D668A4E41539}.Release|iPhoneSimulator.ActiveCfg = Release|x86
		{EA055F66-C6D1-4E3C-9B42-D668A4E41539}.Release|iPhoneSimulator.Build.0 = Release|x86
		{EA055F66-C6D1-4E3C-9B42-D668A4E41539}.Release|iPhoneSimulator.Deploy.0 = Release|x86
		{EA055F66-C6D1-4E3C-9B42-D668A4E41539}.Release|x64.ActiveCfg = Release|x64
		{EA055F66-C6D1-4E3C-9B42-D668A4E41539}.Release|x64.Build.0 = Release|x64
		{EA055F66-C6D1-4E3C-9B42-D668A4E41539}.Release|x64.Deploy.0 = Release|x64
		{EA055F66-C6D1-4E3C-9B42-D668A4E41539}.Release|x86.ActiveCfg = Release|x86
		{EA055F66-C6D1-4E3C-9B42-D668A4E41539}.Release|x86.Build.0 = Release|x86
		{EA055F66-C6D1-4E3C-9B42-D668A4E41539}.Release|x86.Deploy.0 = Release|x86
		{B3E3E3D4-C978-4B87-AD49-1ABC4B79330F}.Ad-Hoc|Any CPU.ActiveCfg = Debug|Any CPU
		{B3E3E3D4-C978-4B87-AD49-1ABC4B79330F}.Ad-Hoc|Any CPU.Build.0 = Debug|Any CPU
		{B3E3E3D4-C978-4B87-AD49-1ABC4B79330F}.Ad-Hoc|Any CPU.Deploy.0 = Debug|Any CPU
		{B3E3E3D4-C978-4B87-AD49-1ABC4B79330F}.Ad-Hoc|ARM.ActiveCfg = Debug|Any CPU
		{B3E3E3D4-C978-4B87-AD49-1ABC4B79330F}.Ad-Hoc|ARM.Build.0 = Debug|Any CPU
		{B3E3E3D4-C978-4B87-AD49-1ABC4B79330F}.Ad-Hoc|ARM.Deploy.0 = Debug|Any CPU
		{B3E3E3D4-C978-4B87-AD49-1ABC4B79330F}.Ad-Hoc|iPhone.ActiveCfg = Debug|Any CPU
		{B3E3E3D4-C978-4B87-AD49-1ABC4B79330F}.Ad-Hoc|iPhone.Build.0 = Debug|Any CPU
		{B3E3E3D4-C978-4B87-AD49-1ABC4B79330F}.Ad-Hoc|iPhone.Deploy.0 = Debug|Any CPU
		{B3E3E3D4-C978-4B87-AD49-1ABC4B79330F}.Ad-Hoc|iPhoneSimulator.ActiveCfg = Debug|Any CPU
		{B3E3E3D4-C978-4B87-AD49-1ABC4B79330F}.Ad-Hoc|iPhoneSimulator.Build.0 = Debug|Any CPU
		{B3E3E3D4-C978-4B87-AD49-1ABC4B79330F}.Ad-Hoc|iPhoneSimulator.Deploy.0 = Debug|Any CPU
		{B3E3E3D4-C978-4B87-AD49-1ABC4B79330F}.Ad-Hoc|x64.ActiveCfg = Debug|Any CPU
		{B3E3E3D4-C978-4B87-AD49-1ABC4B79330F}.Ad-Hoc|x64.Build.0 = Debug|Any CPU
		{B3E3E3D4-C978-4B87-AD49-1ABC4B79330F}.Ad-Hoc|x64.Deploy.0 = Debug|Any CPU
		{B3E3E3D4-C978-4B87-AD49-1ABC4B79330F}.Ad-Hoc|x86.ActiveCfg = Debug|Any CPU
		{B3E3E3D4-C978-4B87-AD49-1ABC4B79330F}.Ad-Hoc|x86.Build.0 = Debug|Any CPU
		{B3E3E3D4-C978-4B87-AD49-1ABC4B79330F}.Ad-Hoc|x86.Deploy.0 = Debug|Any CPU
		{B3E3E3D4-C978-4B87-AD49-1ABC4B79330F}.AppStore|Any CPU.ActiveCfg = Debug|Any CPU
		{B3E3E3D4-C978-4B87-AD49-1ABC4B79330F}.AppStore|Any CPU.Build.0 = Debug|Any CPU
		{B3E3E3D4-C978-4B87-AD49-1ABC4B79330F}.AppStore|Any CPU.Deploy.0 = Debug|Any CPU
		{B3E3E3D4-C978-4B87-AD49-1ABC4B79330F}.AppStore|ARM.ActiveCfg = Debug|Any CPU
		{B3E3E3D4-C978-4B87-AD49-1ABC4B79330F}.AppStore|ARM.Build.0 = Debug|Any CPU
		{B3E3E3D4-C978-4B87-AD49-1ABC4B79330F}.AppStore|ARM.Deploy.0 = Debug|Any CPU
		{B3E3E3D4-C978-4B87-AD49-1ABC4B79330F}.AppStore|iPhone.ActiveCfg = Debug|Any CPU
		{B3E3E3D4-C978-4B87-AD49-1ABC4B79330F}.AppStore|iPhone.Build.0 = Debug|Any CPU
		{B3E3E3D4-C978-4B87-AD49-1ABC4B79330F}.AppStore|iPhone.Deploy.0 = Debug|Any CPU
		{B3E3E3D4-C978-4B87-AD49-1ABC4B79330F}.AppStore|iPhoneSimulator.ActiveCfg = Debug|Any CPU
		{B3E3E3D4-C978-4B87-AD49-1ABC4B79330F}.AppStore|iPhoneSimulator.Build.0 = Debug|Any CPU
		{B3E3E3D4-C978-4B87-AD49-1ABC4B79330F}.AppStore|iPhoneSimulator.Deploy.0 = Debug|Any CPU
		{B3E3E3D4-C978-4B87-AD49-1ABC4B79330F}.AppStore|x64.ActiveCfg = Debug|Any CPU
		{B3E3E3D4-C978-4B87-AD49-1ABC4B79330F}.AppStore|x64.Build.0 = Debug|Any CPU
		{B3E3E3D4-C978-4B87-AD49-1ABC4B79330F}.AppStore|x64.Deploy.0 = Debug|Any CPU
		{B3E3E3D4-C978-4B87-AD49-1ABC4B79330F}.AppStore|x86.ActiveCfg = Debug|Any CPU
		{B3E3E3D4-C978-4B87-AD49-1ABC4B79330F}.AppStore|x86.Build.0 = Debug|Any CPU
		{B3E3E3D4-C978-4B87-AD49-1ABC4B79330F}.AppStore|x86.Deploy.0 = Debug|Any CPU
		{B3E3E3D4-C978-4B87-AD49-1ABC4B79330F}.Debug|Any CPU.ActiveCfg = Debug|Any CPU
		{B3E3E3D4-C978-4B87-AD49-1ABC4B79330F}.Debug|Any CPU.Build.0 = Debug|Any CPU
		{B3E3E3D4-C978-4B87-AD49-1ABC4B79330F}.Debug|Any CPU.Deploy.0 = Debug|Any CPU
		{B3E3E3D4-C978-4B87-AD49-1ABC4B79330F}.Debug|ARM.ActiveCfg = Debug|Any CPU
		{B3E3E3D4-C978-4B87-AD49-1ABC4B79330F}.Debug|ARM.Build.0 = Debug|Any CPU
		{B3E3E3D4-C978-4B87-AD49-1ABC4B79330F}.Debug|ARM.Deploy.0 = Debug|Any CPU
		{B3E3E3D4-C978-4B87-AD49-1ABC4B79330F}.Debug|iPhone.ActiveCfg = Debug|Any CPU
		{B3E3E3D4-C978-4B87-AD49-1ABC4B79330F}.Debug|iPhone.Build.0 = Debug|Any CPU
		{B3E3E3D4-C978-4B87-AD49-1ABC4B79330F}.Debug|iPhone.Deploy.0 = Debug|Any CPU
		{B3E3E3D4-C978-4B87-AD49-1ABC4B79330F}.Debug|iPhoneSimulator.ActiveCfg = Debug|Any CPU
		{B3E3E3D4-C978-4B87-AD49-1ABC4B79330F}.Debug|iPhoneSimulator.Build.0 = Debug|Any CPU
		{B3E3E3D4-C978-4B87-AD49-1ABC4B79330F}.Debug|iPhoneSimulator.Deploy.0 = Debug|Any CPU
		{B3E3E3D4-C978-4B87-AD49-1ABC4B79330F}.Debug|x64.ActiveCfg = Debug|Any CPU
		{B3E3E3D4-C978-4B87-AD49-1ABC4B79330F}.Debug|x64.Build.0 = Debug|Any CPU
		{B3E3E3D4-C978-4B87-AD49-1ABC4B79330F}.Debug|x64.Deploy.0 = Debug|Any CPU
		{B3E3E3D4-C978-4B87-AD49-1ABC4B79330F}.Debug|x86.ActiveCfg = Debug|Any CPU
		{B3E3E3D4-C978-4B87-AD49-1ABC4B79330F}.Debug|x86.Build.0 = Debug|Any CPU
		{B3E3E3D4-C978-4B87-AD49-1ABC4B79330F}.Debug|x86.Deploy.0 = Debug|Any CPU
		{B3E3E3D4-C978-4B87-AD49-1ABC4B79330F}.Release|Any CPU.ActiveCfg = Release|Any CPU
		{B3E3E3D4-C978-4B87-AD49-1ABC4B79330F}.Release|Any CPU.Build.0 = Release|Any CPU
		{B3E3E3D4-C978-4B87-AD49-1ABC4B79330F}.Release|Any CPU.Deploy.0 = Release|Any CPU
		{B3E3E3D4-C978-4B87-AD49-1ABC4B79330F}.Release|ARM.ActiveCfg = Release|Any CPU
		{B3E3E3D4-C978-4B87-AD49-1ABC4B79330F}.Release|ARM.Build.0 = Release|Any CPU
		{B3E3E3D4-C978-4B87-AD49-1ABC4B79330F}.Release|ARM.Deploy.0 = Release|Any CPU
		{B3E3E3D4-C978-4B87-AD49-1ABC4B79330F}.Release|iPhone.ActiveCfg = Release|Any CPU
		{B3E3E3D4-C978-4B87-AD49-1ABC4B79330F}.Release|iPhone.Build.0 = Release|Any CPU
		{B3E3E3D4-C978-4B87-AD49-1ABC4B79330F}.Release|iPhone.Deploy.0 = Release|Any CPU
		{B3E3E3D4-C978-4B87-AD49-1ABC4B79330F}.Release|iPhoneSimulator.ActiveCfg = Release|Any CPU
		{B3E3E3D4-C978-4B87-AD49-1ABC4B79330F}.Release|iPhoneSimulator.Build.0 = Release|Any CPU
		{B3E3E3D4-C978-4B87-AD49-1ABC4B79330F}.Release|iPhoneSimulator.Deploy.0 = Release|Any CPU
		{B3E3E3D4-C978-4B87-AD49-1ABC4B79330F}.Release|x64.ActiveCfg = Release|Any CPU
		{B3E3E3D4-C978-4B87-AD49-1ABC4B79330F}.Release|x64.Build.0 = Release|Any CPU
		{B3E3E3D4-C978-4B87-AD49-1ABC4B79330F}.Release|x64.Deploy.0 = Release|Any CPU
		{B3E3E3D4-C978-4B87-AD49-1ABC4B79330F}.Release|x86.ActiveCfg = Release|Any CPU
		{B3E3E3D4-C978-4B87-AD49-1ABC4B79330F}.Release|x86.Build.0 = Release|Any CPU
		{B3E3E3D4-C978-4B87-AD49-1ABC4B79330F}.Release|x86.Deploy.0 = Release|Any CPU
	EndGlobalSection
	GlobalSection(SolutionProperties) = preSolution
		HideSolutionNode = FALSE
	EndGlobalSection
	GlobalSection(ExtensibilityGlobals) = postSolution
		SolutionGuid = {5318537F-9A0C-4957-94E2-28C0C3BDE4D3}
	EndGlobalSection
EndGlobal
